// !$*UTF8*$!
{
	archiveVersion = 1;
	classes = {
	};
	objectVersion = 56;
	objects = {

/* Begin PBXBuildFile section */
		1505FF2829C8C6BC005016AC /* AppDelegate.swift in Sources */ = {isa = PBXBuildFile; fileRef = 1505FF2729C8C6BC005016AC /* AppDelegate.swift */; };
		1505FF2A29C8C6BC005016AC /* SceneDelegate.swift in Sources */ = {isa = PBXBuildFile; fileRef = 1505FF2929C8C6BC005016AC /* SceneDelegate.swift */; };
		1505FF2C29C8C6BC005016AC /* ViewController.swift in Sources */ = {isa = PBXBuildFile; fileRef = 1505FF2B29C8C6BC005016AC /* ViewController.swift */; };
		1505FF2F29C8C6BC005016AC /* Main.storyboard in Resources */ = {isa = PBXBuildFile; fileRef = 1505FF2D29C8C6BC005016AC /* Main.storyboard */; };
		1505FF3129C8C6BF005016AC /* Assets.xcassets in Resources */ = {isa = PBXBuildFile; fileRef = 1505FF3029C8C6BF005016AC /* Assets.xcassets */; };
		1505FF3429C8C6BF005016AC /* LaunchScreen.storyboard in Resources */ = {isa = PBXBuildFile; fileRef = 1505FF3229C8C6BF005016AC /* LaunchScreen.storyboard */; };
		1505FF3D29C9FA00005016AC /* BaseTabBarViewController.swift in Sources */ = {isa = PBXBuildFile; fileRef = 1505FF3C29C9FA00005016AC /* BaseTabBarViewController.swift */; };
		1505FF4029C9FA7A005016AC /* System+ext.swift in Sources */ = {isa = PBXBuildFile; fileRef = 1505FF3F29C9FA7A005016AC /* System+ext.swift */; };
		1505FF4229C9FAF3005016AC /* MainViewController.swift in Sources */ = {isa = PBXBuildFile; fileRef = 1505FF4129C9FAF3005016AC /* MainViewController.swift */; };
		1505FF4529C9FB17005016AC /* BaseViewController.swift in Sources */ = {isa = PBXBuildFile; fileRef = 1505FF4429C9FB17005016AC /* BaseViewController.swift */; };
		1505FF4829C9FD21005016AC /* DustService.swift in Sources */ = {isa = PBXBuildFile; fileRef = 1505FF4729C9FD21005016AC /* DustService.swift */; };
		46217F89B68B687C7743290F /* Pods_TheGimhae.framework in Frameworks */ = {isa = PBXBuildFile; fileRef = CFFC8D66ED678CEA0BEF12C3 /* Pods_TheGimhae.framework */; };
/* End PBXBuildFile section */

/* Begin PBXFileReference section */
		1505FF2429C8C6BC005016AC /* TheGimhae.app */ = {isa = PBXFileReference; explicitFileType = wrapper.application; includeInIndex = 0; path = TheGimhae.app; sourceTree = BUILT_PRODUCTS_DIR; };
		1505FF2729C8C6BC005016AC /* AppDelegate.swift */ = {isa = PBXFileReference; lastKnownFileType = sourcecode.swift; path = AppDelegate.swift; sourceTree = "<group>"; };
		1505FF2929C8C6BC005016AC /* SceneDelegate.swift */ = {isa = PBXFileReference; lastKnownFileType = sourcecode.swift; path = SceneDelegate.swift; sourceTree = "<group>"; };
		1505FF2B29C8C6BC005016AC /* ViewController.swift */ = {isa = PBXFileReference; lastKnownFileType = sourcecode.swift; path = ViewController.swift; sourceTree = "<group>"; };
		1505FF2E29C8C6BC005016AC /* Base */ = {isa = PBXFileReference; lastKnownFileType = file.storyboard; name = Base; path = Base.lproj/Main.storyboard; sourceTree = "<group>"; };
		1505FF3029C8C6BF005016AC /* Assets.xcassets */ = {isa = PBXFileReference; lastKnownFileType = folder.assetcatalog; path = Assets.xcassets; sourceTree = "<group>"; };
		1505FF3329C8C6BF005016AC /* Base */ = {isa = PBXFileReference; lastKnownFileType = file.storyboard; name = Base; path = Base.lproj/LaunchScreen.storyboard; sourceTree = "<group>"; };
		1505FF3529C8C6BF005016AC /* Info.plist */ = {isa = PBXFileReference; lastKnownFileType = text.plist.xml; path = Info.plist; sourceTree = "<group>"; };
		1505FF3C29C9FA00005016AC /* BaseTabBarViewController.swift */ = {isa = PBXFileReference; lastKnownFileType = sourcecode.swift; path = BaseTabBarViewController.swift; sourceTree = "<group>"; };
		1505FF3F29C9FA7A005016AC /* System+ext.swift */ = {isa = PBXFileReference; lastKnownFileType = sourcecode.swift; path = "System+ext.swift"; sourceTree = "<group>"; };
		1505FF4129C9FAF3005016AC /* MainViewController.swift */ = {isa = PBXFileReference; lastKnownFileType = sourcecode.swift; path = MainViewController.swift; sourceTree = "<group>"; };
		1505FF4429C9FB17005016AC /* BaseViewController.swift */ = {isa = PBXFileReference; lastKnownFileType = sourcecode.swift; path = BaseViewController.swift; sourceTree = "<group>"; };
		1505FF4729C9FD21005016AC /* DustService.swift */ = {isa = PBXFileReference; lastKnownFileType = sourcecode.swift; path = DustService.swift; sourceTree = "<group>"; };
		A79B8DEB94F294B3E0C36A1D /* Pods-TheGimhae.debug.xcconfig */ = {isa = PBXFileReference; includeInIndex = 1; lastKnownFileType = text.xcconfig; name = "Pods-TheGimhae.debug.xcconfig"; path = "Target Support Files/Pods-TheGimhae/Pods-TheGimhae.debug.xcconfig"; sourceTree = "<group>"; };
		CFFC8D66ED678CEA0BEF12C3 /* Pods_TheGimhae.framework */ = {isa = PBXFileReference; explicitFileType = wrapper.framework; includeInIndex = 0; path = Pods_TheGimhae.framework; sourceTree = BUILT_PRODUCTS_DIR; };
		D3FBF98E312A7C2C43ABB7D5 /* Pods-TheGimhae.release.xcconfig */ = {isa = PBXFileReference; includeInIndex = 1; lastKnownFileType = text.xcconfig; name = "Pods-TheGimhae.release.xcconfig"; path = "Target Support Files/Pods-TheGimhae/Pods-TheGimhae.release.xcconfig"; sourceTree = "<group>"; };
/* End PBXFileReference section */

/* Begin PBXFrameworksBuildPhase section */
		1505FF2129C8C6BC005016AC /* Frameworks */ = {
			isa = PBXFrameworksBuildPhase;
			buildActionMask = 2147483647;
			files = (
				46217F89B68B687C7743290F /* Pods_TheGimhae.framework in Frameworks */,
			);
			runOnlyForDeploymentPostprocessing = 0;
		};
/* End PBXFrameworksBuildPhase section */

/* Begin PBXGroup section */
		1505FF1B29C8C6BC005016AC = {
			isa = PBXGroup;
			children = (
				1505FF2629C8C6BC005016AC /* TheGimhae */,
				1505FF2529C8C6BC005016AC /* Products */,
				AA0BD05194FC0F36AD6903AC /* Pods */,
				341065F5FE417125D6671289 /* Frameworks */,
			);
			sourceTree = "<group>";
		};
		1505FF2529C8C6BC005016AC /* Products */ = {
			isa = PBXGroup;
			children = (
				1505FF2429C8C6BC005016AC /* TheGimhae.app */,
			);
			name = Products;
			sourceTree = "<group>";
		};
		1505FF2629C8C6BC005016AC /* TheGimhae */ = {
			isa = PBXGroup;
			children = (
				1505FF4629C9FC24005016AC /* Service */,
				1505FF3E29C9FA63005016AC /* Utils */,
				1505FF3B29C9F9E9005016AC /* UI */,
				1505FF2729C8C6BC005016AC /* AppDelegate.swift */,
				1505FF2929C8C6BC005016AC /* SceneDelegate.swift */,
				1505FF2B29C8C6BC005016AC /* ViewController.swift */,
				1505FF2D29C8C6BC005016AC /* Main.storyboard */,
				1505FF3029C8C6BF005016AC /* Assets.xcassets */,
				1505FF3229C8C6BF005016AC /* LaunchScreen.storyboard */,
				1505FF3529C8C6BF005016AC /* Info.plist */,
			);
			path = TheGimhae;
			sourceTree = "<group>";
		};
		1505FF3B29C9F9E9005016AC /* UI */ = {
			isa = PBXGroup;
			children = (
				1505FF4329C9FB08005016AC /* Base */,
				1505FF3C29C9FA00005016AC /* BaseTabBarViewController.swift */,
				1505FF4129C9FAF3005016AC /* MainViewController.swift */,
			);
			path = UI;
			sourceTree = "<group>";
		};
		1505FF3E29C9FA63005016AC /* Utils */ = {
			isa = PBXGroup;
			children = (
				1505FF3F29C9FA7A005016AC /* System+ext.swift */,
			);
			path = Utils;
			sourceTree = "<group>";
		};
		1505FF4329C9FB08005016AC /* Base */ = {
			isa = PBXGroup;
			children = (
				1505FF4429C9FB17005016AC /* BaseViewController.swift */,
			);
			path = Base;
			sourceTree = "<group>";
		};
		1505FF4629C9FC24005016AC /* Service */ = {
			isa = PBXGroup;
			children = (
				1505FF4729C9FD21005016AC /* DustService.swift */,
			);
			path = Service;
			sourceTree = "<group>";
		};
		341065F5FE417125D6671289 /* Frameworks */ = {
			isa = PBXGroup;
			children = (
				CFFC8D66ED678CEA0BEF12C3 /* Pods_TheGimhae.framework */,
			);
			name = Frameworks;
			sourceTree = "<group>";
		};
		AA0BD05194FC0F36AD6903AC /* Pods */ = {
			isa = PBXGroup;
			children = (
				A79B8DEB94F294B3E0C36A1D /* Pods-TheGimhae.debug.xcconfig */,
				D3FBF98E312A7C2C43ABB7D5 /* Pods-TheGimhae.release.xcconfig */,
			);
			path = Pods;
			sourceTree = "<group>";
		};
/* End PBXGroup section */

/* Begin PBXNativeTarget section */
		1505FF2329C8C6BC005016AC /* TheGimhae */ = {
			isa = PBXNativeTarget;
			buildConfigurationList = 1505FF3829C8C6BF005016AC /* Build configuration list for PBXNativeTarget "TheGimhae" */;
			buildPhases = (
				5F3E54ED53401526CFACB6B5 /* [CP] Check Pods Manifest.lock */,
				1505FF2029C8C6BC005016AC /* Sources */,
				1505FF2129C8C6BC005016AC /* Frameworks */,
				1505FF2229C8C6BC005016AC /* Resources */,
				9450E8E10977396E38F80203 /* [CP] Embed Pods Frameworks */,
			);
			buildRules = (
			);
			dependencies = (
			);
			name = TheGimhae;
			productName = TheGimhae;
			productReference = 1505FF2429C8C6BC005016AC /* TheGimhae.app */;
			productType = "com.apple.product-type.application";
		};
/* End PBXNativeTarget section */

/* Begin PBXProject section */
		1505FF1C29C8C6BC005016AC /* Project object */ = {
			isa = PBXProject;
			attributes = {
				BuildIndependentTargetsInParallel = 1;
				LastSwiftUpdateCheck = 1420;
				LastUpgradeCheck = 1420;
				TargetAttributes = {
					1505FF2329C8C6BC005016AC = {
						CreatedOnToolsVersion = 14.2;
					};
				};
			};
			buildConfigurationList = 1505FF1F29C8C6BC005016AC /* Build configuration list for PBXProject "TheGimhae" */;
			compatibilityVersion = "Xcode 14.0";
			developmentRegion = en;
			hasScannedForEncodings = 0;
			knownRegions = (
				en,
				Base,
			);
			mainGroup = 1505FF1B29C8C6BC005016AC;
			productRefGroup = 1505FF2529C8C6BC005016AC /* Products */;
			projectDirPath = "";
			projectRoot = "";
			targets = (
				1505FF2329C8C6BC005016AC /* TheGimhae */,
			);
		};
/* End PBXProject section */

/* Begin PBXResourcesBuildPhase section */
		1505FF2229C8C6BC005016AC /* Resources */ = {
			isa = PBXResourcesBuildPhase;
			buildActionMask = 2147483647;
			files = (
				1505FF3429C8C6BF005016AC /* LaunchScreen.storyboard in Resources */,
				1505FF3129C8C6BF005016AC /* Assets.xcassets in Resources */,
				1505FF2F29C8C6BC005016AC /* Main.storyboard in Resources */,
			);
			runOnlyForDeploymentPostprocessing = 0;
		};
/* End PBXResourcesBuildPhase section */

/* Begin PBXShellScriptBuildPhase section */
		5F3E54ED53401526CFACB6B5 /* [CP] Check Pods Manifest.lock */ = {
			isa = PBXShellScriptBuildPhase;
			buildActionMask = 2147483647;
			files = (
			);
			inputFileListPaths = (
			);
			inputPaths = (
				"${PODS_PODFILE_DIR_PATH}/Podfile.lock",
				"${PODS_ROOT}/Manifest.lock",
			);
			name = "[CP] Check Pods Manifest.lock";
			outputFileListPaths = (
			);
			outputPaths = (
				"$(DERIVED_FILE_DIR)/Pods-TheGimhae-checkManifestLockResult.txt",
			);
			runOnlyForDeploymentPostprocessing = 0;
			shellPath = /bin/sh;
			shellScript = "diff \"${PODS_PODFILE_DIR_PATH}/Podfile.lock\" \"${PODS_ROOT}/Manifest.lock\" > /dev/null\nif [ $? != 0 ] ; then\n    # print error to STDERR\n    echo \"error: The sandbox is not in sync with the Podfile.lock. Run 'pod install' or update your CocoaPods installation.\" >&2\n    exit 1\nfi\n# This output is used by Xcode 'outputs' to avoid re-running this script phase.\necho \"SUCCESS\" > \"${SCRIPT_OUTPUT_FILE_0}\"\n";
			showEnvVarsInLog = 0;
		};
		9450E8E10977396E38F80203 /* [CP] Embed Pods Frameworks */ = {
			isa = PBXShellScriptBuildPhase;
			buildActionMask = 2147483647;
			files = (
			);
			inputFileListPaths = (
				"${PODS_ROOT}/Target Support Files/Pods-TheGimhae/Pods-TheGimhae-frameworks-${CONFIGURATION}-input-files.xcfilelist",
			);
			name = "[CP] Embed Pods Frameworks";
			outputFileListPaths = (
				"${PODS_ROOT}/Target Support Files/Pods-TheGimhae/Pods-TheGimhae-frameworks-${CONFIGURATION}-output-files.xcfilelist",
			);
			runOnlyForDeploymentPostprocessing = 0;
			shellPath = /bin/sh;
			shellScript = "\"${PODS_ROOT}/Target Support Files/Pods-TheGimhae/Pods-TheGimhae-frameworks.sh\"\n";
			showEnvVarsInLog = 0;
		};
/* End PBXShellScriptBuildPhase section */

/* Begin PBXSourcesBuildPhase section */
		1505FF2029C8C6BC005016AC /* Sources */ = {
			isa = PBXSourcesBuildPhase;
			buildActionMask = 2147483647;
			files = (
				1505FF2C29C8C6BC005016AC /* ViewController.swift in Sources */,
				1505FF4029C9FA7A005016AC /* System+ext.swift in Sources */,
				1505FF2829C8C6BC005016AC /* AppDelegate.swift in Sources */,
				1505FF4229C9FAF3005016AC /* MainViewController.swift in Sources */,
				1505FF2A29C8C6BC005016AC /* SceneDelegate.swift in Sources */,
				1505FF4829C9FD21005016AC /* DustService.swift in Sources */,
				1505FF4529C9FB17005016AC /* BaseViewController.swift in Sources */,
				1505FF3D29C9FA00005016AC /* BaseTabBarViewController.swift in Sources */,
			);
			runOnlyForDeploymentPostprocessing = 0;
		};
/* End PBXSourcesBuildPhase section */

/* Begin PBXVariantGroup section */
		1505FF2D29C8C6BC005016AC /* Main.storyboard */ = {
			isa = PBXVariantGroup;
			children = (
				1505FF2E29C8C6BC005016AC /* Base */,
			);
			name = Main.storyboard;
			sourceTree = "<group>";
		};
		1505FF3229C8C6BF005016AC /* LaunchScreen.storyboard */ = {
			isa = PBXVariantGroup;
			children = (
				1505FF3329C8C6BF005016AC /* Base */,
			);
			name = LaunchScreen.storyboard;
			sourceTree = "<group>";
		};
/* End PBXVariantGroup section */

/* Begin XCBuildConfiguration section */
		1505FF3629C8C6BF005016AC /* Debug */ = {
			isa = XCBuildConfiguration;
			buildSettings = {
				ALWAYS_SEARCH_USER_PATHS = NO;
				CLANG_ANALYZER_NONNULL = YES;
				CLANG_ANALYZER_NUMBER_OBJECT_CONVERSION = YES_AGGRESSIVE;
				CLANG_CXX_LANGUAGE_STANDARD = "gnu++20";
				CLANG_ENABLE_MODULES = YES;
				CLANG_ENABLE_OBJC_ARC = YES;
				CLANG_ENABLE_OBJC_WEAK = YES;
				CLANG_WARN_BLOCK_CAPTURE_AUTORELEASING = YES;
				CLANG_WARN_BOOL_CONVERSION = YES;
				CLANG_WARN_COMMA = YES;
				CLANG_WARN_CONSTANT_CONVERSION = YES;
				CLANG_WARN_DEPRECATED_OBJC_IMPLEMENTATIONS = YES;
				CLANG_WARN_DIRECT_OBJC_ISA_USAGE = YES_ERROR;
				CLANG_WARN_DOCUMENTATION_COMMENTS = YES;
				CLANG_WARN_EMPTY_BODY = YES;
				CLANG_WARN_ENUM_CONVERSION = YES;
				CLANG_WARN_INFINITE_RECURSION = YES;
				CLANG_WARN_INT_CONVERSION = YES;
				CLANG_WARN_NON_LITERAL_NULL_CONVERSION = YES;
				CLANG_WARN_OBJC_IMPLICIT_RETAIN_SELF = YES;
				CLANG_WARN_OBJC_LITERAL_CONVERSION = YES;
				CLANG_WARN_OBJC_ROOT_CLASS = YES_ERROR;
				CLANG_WARN_QUOTED_INCLUDE_IN_FRAMEWORK_HEADER = YES;
				CLANG_WARN_RANGE_LOOP_ANALYSIS = YES;
				CLANG_WARN_STRICT_PROTOTYPES = YES;
				CLANG_WARN_SUSPICIOUS_MOVE = YES;
				CLANG_WARN_UNGUARDED_AVAILABILITY = YES_AGGRESSIVE;
				CLANG_WARN_UNREACHABLE_CODE = YES;
				CLANG_WARN__DUPLICATE_METHOD_MATCH = YES;
				COPY_PHASE_STRIP = NO;
				DEBUG_INFORMATION_FORMAT = dwarf;
				ENABLE_STRICT_OBJC_MSGSEND = YES;
				ENABLE_TESTABILITY = YES;
				GCC_C_LANGUAGE_STANDARD = gnu11;
				GCC_DYNAMIC_NO_PIC = NO;
				GCC_NO_COMMON_BLOCKS = YES;
				GCC_OPTIMIZATION_LEVEL = 0;
				GCC_PREPROCESSOR_DEFINITIONS = (
					"DEBUG=1",
					"$(inherited)",
				);
				GCC_WARN_64_TO_32_BIT_CONVERSION = YES;
				GCC_WARN_ABOUT_RETURN_TYPE = YES_ERROR;
				GCC_WARN_UNDECLARED_SELECTOR = YES;
				GCC_WARN_UNINITIALIZED_AUTOS = YES_AGGRESSIVE;
				GCC_WARN_UNUSED_FUNCTION = YES;
				GCC_WARN_UNUSED_VARIABLE = YES;
				IPHONEOS_DEPLOYMENT_TARGET = 16.2;
				MTL_ENABLE_DEBUG_INFO = INCLUDE_SOURCE;
				MTL_FAST_MATH = YES;
				ONLY_ACTIVE_ARCH = YES;
				SDKROOT = iphoneos;
				SWIFT_ACTIVE_COMPILATION_CONDITIONS = DEBUG;
				SWIFT_OPTIMIZATION_LEVEL = "-Onone";
			};
			name = Debug;
		};
		1505FF3729C8C6BF005016AC /* Release */ = {
			isa = XCBuildConfiguration;
			buildSettings = {
				ALWAYS_SEARCH_USER_PATHS = NO;
				CLANG_ANALYZER_NONNULL = YES;
				CLANG_ANALYZER_NUMBER_OBJECT_CONVERSION = YES_AGGRESSIVE;
				CLANG_CXX_LANGUAGE_STANDARD = "gnu++20";
				CLANG_ENABLE_MODULES = YES;
				CLANG_ENABLE_OBJC_ARC = YES;
				CLANG_ENABLE_OBJC_WEAK = YES;
				CLANG_WARN_BLOCK_CAPTURE_AUTORELEASING = YES;
				CLANG_WARN_BOOL_CONVERSION = YES;
				CLANG_WARN_COMMA = YES;
				CLANG_WARN_CONSTANT_CONVERSION = YES;
				CLANG_WARN_DEPRECATED_OBJC_IMPLEMENTATIONS = YES;
				CLANG_WARN_DIRECT_OBJC_ISA_USAGE = YES_ERROR;
				CLANG_WARN_DOCUMENTATION_COMMENTS = YES;
				CLANG_WARN_EMPTY_BODY = YES;
				CLANG_WARN_ENUM_CONVERSION = YES;
				CLANG_WARN_INFINITE_RECURSION = YES;
				CLANG_WARN_INT_CONVERSION = YES;
				CLANG_WARN_NON_LITERAL_NULL_CONVERSION = YES;
				CLANG_WARN_OBJC_IMPLICIT_RETAIN_SELF = YES;
				CLANG_WARN_OBJC_LITERAL_CONVERSION = YES;
				CLANG_WARN_OBJC_ROOT_CLASS = YES_ERROR;
				CLANG_WARN_QUOTED_INCLUDE_IN_FRAMEWORK_HEADER = YES;
				CLANG_WARN_RANGE_LOOP_ANALYSIS = YES;
				CLANG_WARN_STRICT_PROTOTYPES = YES;
				CLANG_WARN_SUSPICIOUS_MOVE = YES;
				CLANG_WARN_UNGUARDED_AVAILABILITY = YES_AGGRESSIVE;
				CLANG_WARN_UNREACHABLE_CODE = YES;
				CLANG_WARN__DUPLICATE_METHOD_MATCH = YES;
				COPY_PHASE_STRIP = NO;
				DEBUG_INFORMATION_FORMAT = "dwarf-with-dsym";
				ENABLE_NS_ASSERTIONS = NO;
				ENABLE_STRICT_OBJC_MSGSEND = YES;
				GCC_C_LANGUAGE_STANDARD = gnu11;
				GCC_NO_COMMON_BLOCKS = YES;
				GCC_WARN_64_TO_32_BIT_CONVERSION = YES;
				GCC_WARN_ABOUT_RETURN_TYPE = YES_ERROR;
				GCC_WARN_UNDECLARED_SELECTOR = YES;
				GCC_WARN_UNINITIALIZED_AUTOS = YES_AGGRESSIVE;
				GCC_WARN_UNUSED_FUNCTION = YES;
				GCC_WARN_UNUSED_VARIABLE = YES;
				IPHONEOS_DEPLOYMENT_TARGET = 16.2;
				MTL_ENABLE_DEBUG_INFO = NO;
				MTL_FAST_MATH = YES;
				SDKROOT = iphoneos;
				SWIFT_COMPILATION_MODE = wholemodule;
				SWIFT_OPTIMIZATION_LEVEL = "-O";
				VALIDATE_PRODUCT = YES;
			};
			name = Release;
		};
		1505FF3929C8C6BF005016AC /* Debug */ = {
			isa = XCBuildConfiguration;
			baseConfigurationReference = A79B8DEB94F294B3E0C36A1D /* Pods-TheGimhae.debug.xcconfig */;
			buildSettings = {
				ASSETCATALOG_COMPILER_APPICON_NAME = AppIcon;
				ASSETCATALOG_COMPILER_GLOBAL_ACCENT_COLOR_NAME = AccentColor;
				CODE_SIGN_STYLE = Automatic;
				CURRENT_PROJECT_VERSION = 1;
				DEVELOPMENT_TEAM = VZTRDYYN8R;
				GENERATE_INFOPLIST_FILE = YES;
				INFOPLIST_FILE = TheGimhae/Info.plist;
				INFOPLIST_KEY_UIApplicationSupportsIndirectInputEvents = YES;
				INFOPLIST_KEY_UILaunchStoryboardName = LaunchScreen;
				INFOPLIST_KEY_UIMainStoryboardFile = Main;
				INFOPLIST_KEY_UISupportedInterfaceOrientations_iPad = "UIInterfaceOrientationPortrait UIInterfaceOrientationPortraitUpsideDown UIInterfaceOrientationLandscapeLeft UIInterfaceOrientationLandscapeRight";
				INFOPLIST_KEY_UISupportedInterfaceOrientations_iPhone = "UIInterfaceOrientationPortrait UIInterfaceOrientationLandscapeLeft UIInterfaceOrientationLandscapeRight";
				LD_RUNPATH_SEARCH_PATHS = (
					"$(inherited)",
					"@executable_path/Frameworks",
				);
				MARKETING_VERSION = 1.0;
				PRODUCT_BUNDLE_IDENTIFIER = wai.TheGimhae;
				PRODUCT_NAME = "$(TARGET_NAME)";
				SWIFT_EMIT_LOC_STRINGS = YES;
				SWIFT_VERSION = 5.0;
				TARGETED_DEVICE_FAMILY = "1,2";
			};
			name = Debug;
		};
		1505FF3A29C8C6BF005016AC /* Release */ = {
			isa = XCBuildConfiguration;
			baseConfigurationReference = D3FBF98E312A7C2C43ABB7D5 /* Pods-TheGimhae.release.xcconfig */;
			buildSettings = {
				ASSETCATALOG_COMPILER_APPICON_NAME = AppIcon;
				ASSETCATALOG_COMPILER_GLOBAL_ACCENT_COLOR_NAME = AccentColor;
				CODE_SIGN_STYLE = Automatic;
				CURRENT_PROJECT_VERSION = 1;
				DEVELOPMENT_TEAM = VZTRDYYN8R;
				GENERATE_INFOPLIST_FILE = YES;
				INFOPLIST_FILE = TheGimhae/Info.plist;
				INFOPLIST_KEY_UIApplicationSupportsIndirectInputEvents = YES;
				INFOPLIST_KEY_UILaunchStoryboardName = LaunchScreen;
				INFOPLIST_KEY_UIMainStoryboardFile = Main;
				INFOPLIST_KEY_UISupportedInterfaceOrientations_iPad = "UIInterfaceOrientationPortrait UIInterfaceOrientationPortraitUpsideDown UIInterfaceOrientationLandscapeLeft UIInterfaceOrientationLandscapeRight";
				INFOPLIST_KEY_UISupportedInterfaceOrientations_iPhone = "UIInterfaceOrientationPortrait UIInterfaceOrientationLandscapeLeft UIInterfaceOrientationLandscapeRight";
				LD_RUNPATH_SEARCH_PATHS = (
					"$(inherited)",
					"@executable_path/Frameworks",
				);
				MARKETING_VERSION = 1.0;
				PRODUCT_BUNDLE_IDENTIFIER = wai.TheGimhae;
				PRODUCT_NAME = "$(TARGET_NAME)";
				SWIFT_EMIT_LOC_STRINGS = YES;
				SWIFT_VERSION = 5.0;
				TARGETED_DEVICE_FAMILY = "1,2";
			};
			name = Release;
		};
/* End XCBuildConfiguration section */

/* Begin XCConfigurationList section */
		1505FF1F29C8C6BC005016AC /* Build configuration list for PBXProject "TheGimhae" */ = {
			isa = XCConfigurationList;
			buildConfigurations = (
				1505FF3629C8C6BF005016AC /* Debug */,
				1505FF3729C8C6BF005016AC /* Release */,
			);
			defaultConfigurationIsVisible = 0;
			defaultConfigurationName = Release;
		};
		1505FF3829C8C6BF005016AC /* Build configuration list for PBXNativeTarget "TheGimhae" */ = {
			isa = XCConfigurationList;
			buildConfigurations = (
				1505FF3929C8C6BF005016AC /* Debug */,
				1505FF3A29C8C6BF005016AC /* Release */,
			);
			defaultConfigurationIsVisible = 0;
			defaultConfigurationName = Release;
		};
/* End XCConfigurationList section */
	};
	rootObject = 1505FF1C29C8C6BC005016AC /* Project object */;
}
